
Microsoft Visual Studio Solution File, Format Version 12.00
# Visual Studio Version 17
VisualStudioVersion = 17.2.32602.215
MinimumVisualStudioVersion = 10.0.40219.1
Project("{FAE04EC0-301F-11D3-BF4B-00C04F79EFBC}") = "ProyectoCamioncitos", "ProyectoCamioncitos.csproj", "{D217D64A-82A5-4EB1-8C69-BF2A6EC1BA5B}"
EndProject
Project("{FAE04EC0-301F-11D3-BF4B-00C04F79EFBC}") = "ProyectoCamioncitosTests", "..\ProyectoCamioncitosTests\ProyectoCamioncitosTests.csproj", "{01A9CE77-7E42-458E-A5CF-1FCE5186E725}"
EndProject
Global
	GlobalSection(SolutionConfigurationPlatforms) = preSolution
		Debug|Any CPU = Debug|Any CPU
		Release|Any CPU = Release|Any CPU
	EndGlobalSection
	GlobalSection(ProjectConfigurationPlatforms) = postSolution
		{D217D64A-82A5-4EB1-8C69-BF2A6EC1BA5B}.Debug|Any CPU.ActiveCfg = Debug|Any CPU
		{D217D64A-82A5-4EB1-8C69-BF2A6EC1BA5B}.Debug|Any CPU.Build.0 = Debug|Any CPU
		{D217D64A-82A5-4EB1-8C69-BF2A6EC1BA5B}.Release|Any CPU.ActiveCfg = Release|Any CPU
		{D217D64A-82A5-4EB1-8C69-BF2A6EC1BA5B}.Release|Any CPU.Build.0 = Release|Any CPU
		{01A9CE77-7E42-458E-A5CF-1FCE5186E725}.Debug|Any CPU.ActiveCfg = Debug|Any CPU
		{01A9CE77-7E42-458E-A5CF-1FCE5186E725}.Debug|Any CPU.Build.0 = Debug|Any CPU
		{01A9CE77-7E42-458E-A5CF-1FCE5186E725}.Release|Any CPU.ActiveCfg = Release|Any CPU
		{01A9CE77-7E42-458E-A5CF-1FCE5186E725}.Release|Any CPU.Build.0 = Release|Any CPU
	EndGlobalSection
	GlobalSection(SolutionProperties) = preSolution
		HideSolutionNode = FALSE
	EndGlobalSection
	GlobalSection(ExtensibilityGlobals) = postSolution
		SolutionGuid = {1633DE11-750C-4A11-ABF5-C9E7DDB80AD1}
	EndGlobalSection
EndGlobal
